# This file is automatically @generated by Cargo.
# It is not intended for manual editing.
version = 4

[[package]]
name = "bin-2024"
version = "0.0.0"
dependencies = [
 "lib-2024-a",
 "lib-2024-b",
 "lib-pm",
]

[[package]]
name = "lib-2024-a"
version = "0.0.0"

[[package]]
name = "lib-2024-b"
version = "0.0.0"
dependencies = [
 "lib-2024-a",
]

[[package]]
name = "lib-pm"
version = "0.0.0"
