# This file is automatically @generated by Cargo.
# It is not intended for manual editing.
version = 4

[[package]]
name = "phase3-a"
version = "0.0.0"

[[package]]
name = "phase3-b"
version = "0.0.0"
dependencies = [
 "phase3-a",
 "phase3-c",
]

[[package]]
name = "phase3-bin"
version = "0.0.0"
dependencies = [
 "phase3-a",
 "phase3-b",
]

[[package]]
name = "phase3-c"
version = "0.0.0"
